
Microsoft Visual Studio Solution File, Format Version 12.00
# Visual Studio Version 16
VisualStudioVersion = 16.0.30907.101
MinimumVisualStudioVersion = 10.0.40219.1
Project("{9A19103F-16F7-4668-BE54-9A1E7A4F7556}") = "App", "App\App.csproj", "{1074AB5B-E39F-4DD8-8025-3007BEDC1F81}"
EndProject
Global
	GlobalSection(SolutionConfigurationPlatforms) = preSolution
		Debug|Any CPU = Debug|Any CPU
		Release|Any CPU = Release|Any CPU
	EndGlobalSection
	GlobalSection(ProjectConfigurationPlatforms) = postSolution
		{1074AB5B-E39F-4DD8-8025-3007BEDC1F81}.Debug|Any CPU.ActiveCfg = Debug|Any CPU
		{1074AB5B-E39F-4DD8-8025-3007BEDC1F81}.Debug|Any CPU.Build.0 = Debug|Any CPU
		{1074AB5B-E39F-4DD8-8025-3007BEDC1F81}.Release|Any CPU.ActiveCfg = Release|Any CPU
		{1074AB5B-E39F-4DD8-8025-3007BEDC1F81}.Release|Any CPU.Build.0 = Release|Any CPU
	EndGlobalSection
	GlobalSection(SolutionProperties) = preSolution
		HideSolutionNode = FALSE
	EndGlobalSection
	GlobalSection(ExtensibilityGlobals) = postSolution
		SolutionGuid = {1274EC19-F51F-4F41-A776-6B906AD2D4CD}
	EndGlobalSection
EndGlobal
